
Microsoft Visual Studio Solution File, Format Version 12.00
# Visual Studio Version 16
VisualStudioVersion = 16.0.29326.143
MinimumVisualStudioVersion = 10.0.40219.1
Project("{FAE04EC0-301F-11D3-BF4B-00C04F79EFBC}") = "Steganography", "Steganography\Steganography.csproj", "{D58648D9-71BF-49E6-AC96-1797B82212FA}"
EndProject
Global
	GlobalSection(SolutionConfigurationPlatforms) = preSolution
		Debug|Any CPU = Debug|Any CPU
		Release|Any CPU = Release|Any CPU
	EndGlobalSection
	GlobalSection(ProjectConfigurationPlatforms) = postSolution
		{D58648D9-71BF-49E6-AC96-1797B82212FA}.Debug|Any CPU.ActiveCfg = Debug|Any CPU
		{D58648D9-71BF-49E6-AC96-1797B82212FA}.Debug|Any CPU.Build.0 = Debug|Any CPU
		{D58648D9-71BF-49E6-AC96-1797B82212FA}.Release|Any CPU.ActiveCfg = Release|Any CPU
		{D58648D9-71BF-49E6-AC96-1797B82212FA}.Release|Any CPU.Build.0 = Release|Any CPU
	EndGlobalSection
	GlobalSection(SolutionProperties) = preSolution
		HideSolutionNode = FALSE
	EndGlobalSection
	GlobalSection(ExtensibilityGlobals) = postSolution
		SolutionGuid = {4F60B82E-ED4E-4F7F-9710-3AF4EA811EB4}
	EndGlobalSection
EndGlobal
